
Microsoft Visual Studio Solution File, Format Version 12.00
# Visual Studio Version 17
VisualStudioVersion = 17.4.33213.308
MinimumVisualStudioVersion = 10.0.40219.1
Project("{FAE04EC0-301F-11D3-BF4B-00C04F79EFBC}") = "PilasTest", "PilasTest.csproj", "{3C760E54-B3C1-48D4-887B-D00E4E3C8739}"
EndProject
Global
	GlobalSection(SolutionConfigurationPlatforms) = preSolution
		Debug|Any CPU = Debug|Any CPU
		Release|Any CPU = Release|Any CPU
	EndGlobalSection
	GlobalSection(ProjectConfigurationPlatforms) = postSolution
		{3C760E54-B3C1-48D4-887B-D00E4E3C8739}.Debug|Any CPU.ActiveCfg = Debug|Any CPU
		{3C760E54-B3C1-48D4-887B-D00E4E3C8739}.Debug|Any CPU.Build.0 = Debug|Any CPU
		{3C760E54-B3C1-48D4-887B-D00E4E3C8739}.Release|Any CPU.ActiveCfg = Release|Any CPU
		{3C760E54-B3C1-48D4-887B-D00E4E3C8739}.Release|Any CPU.Build.0 = Release|Any CPU
	EndGlobalSection
	GlobalSection(SolutionProperties) = preSolution
		HideSolutionNode = FALSE
	EndGlobalSection
	GlobalSection(ExtensibilityGlobals) = postSolution
		SolutionGuid = {37976969-466C-4ACF-8340-F1681C329E31}
	EndGlobalSection
EndGlobal
